
Microsoft Visual Studio Solution File, Format Version 12.00
# Visual Studio Version 17
VisualStudioVersion = 17.7.34031.279
MinimumVisualStudioVersion = 10.0.40219.1
Project("{9A19103F-16F7-4668-BE54-9A1E7A4F7556}") = "Tedu_Ecommance.Domain", "src\Tedu_Ecommance.Domain\Tedu_Ecommance.Domain.csproj", "{554AD327-6DBA-4F8F-96F8-81CE7A0C863F}"
EndProject
Project("{9A19103F-16F7-4668-BE54-9A1E7A4F7556}") = "Tedu_Ecommance.EntityFrameworkCore", "src\Tedu_Ecommance.EntityFrameworkCore\Tedu_Ecommance.EntityFrameworkCore.csproj", "{C956DD76-69C8-4A9C-83EA-D17DF83340FD}"
EndProject
Project("{2150E333-8FDC-42A3-9474-1A3956D46DE8}") = "src", "src", "{CA9AC87F-097E-4F15-8393-4BC07735A5B0}"
EndProject
Project("{2150E333-8FDC-42A3-9474-1A3956D46DE8}") = "test", "test", "{04DBDB01-70F4-4E06-B468-8F87850B22BE}"
EndProject
Project("{9A19103F-16F7-4668-BE54-9A1E7A4F7556}") = "Tedu_Ecommance.Domain.Shared", "src\Tedu_Ecommance.Domain.Shared\Tedu_Ecommance.Domain.Shared.csproj", "{42F719ED-8413-4895-B5B4-5AB56079BC66}"
EndProject
Project("{9A19103F-16F7-4668-BE54-9A1E7A4F7556}") = "Tedu_Ecommance.AuthServer", "src\Tedu_Ecommance.AuthServer\Tedu_Ecommance.AuthServer.csproj", "{073C361E-B8F4-49F5-93CC-72A3FF49C026}"
EndProject
Project("{9A19103F-16F7-4668-BE54-9A1E7A4F7556}") = "Tedu_Ecommance.EntityFrameworkCore.Tests", "test\Tedu_Ecommance.EntityFrameworkCore.Tests\Tedu_Ecommance.EntityFrameworkCore.Tests.csproj", "{1FE30EB9-74A9-47F5-A9F6-7B1FAB672D81}"
EndProject
Project("{9A19103F-16F7-4668-BE54-9A1E7A4F7556}") = "Tedu_Ecommance.TestBase", "test\Tedu_Ecommance.TestBase\Tedu_Ecommance.TestBase.csproj", "{91853F21-9CD9-4132-BC29-A7D5D84FFFE7}"
EndProject
Project("{9A19103F-16F7-4668-BE54-9A1E7A4F7556}") = "Tedu_Ecommance.DbMigrator", "src\Tedu_Ecommance.DbMigrator\Tedu_Ecommance.DbMigrator.csproj", "{AA94D832-1CCC-4715-95A9-A483F23A1A5D}"
EndProject
Project("{2150E333-8FDC-42A3-9474-1A3956D46DE8}") = "auth", "auth", "{7E89ECC0-7A2C-440C-A075-48E56FA7BA82}"
EndProject
Project("{2150E333-8FDC-42A3-9474-1A3956D46DE8}") = "common", "common", "{28083C69-33F3-41E2-9DCD-306CB2EACE8D}"
EndProject
Project("{2150E333-8FDC-42A3-9474-1A3956D46DE8}") = "domain", "domain", "{1280F890-9556-4D0F-A527-70BB86B2C59A}"
EndProject
Project("{2150E333-8FDC-42A3-9474-1A3956D46DE8}") = "infrastructure", "infrastructure", "{CE5D6B7B-D12E-48CF-8B6D-7F883DA189C8}"
EndProject
Project("{2150E333-8FDC-42A3-9474-1A3956D46DE8}") = "admin", "admin", "{2DF6DC36-1E0E-45CE-9273-A1093CF26144}"
EndProject
Project("{9A19103F-16F7-4668-BE54-9A1E7A4F7556}") = "Tedu_Ecommance.Admin.Application", "src\Tedu_Ecommance.Admin.Application\Tedu_Ecommance.Admin.Application.csproj", "{B38A600B-A9F8-4D1F-A109-3BF6ACD04A16}"
EndProject
Project("{9A19103F-16F7-4668-BE54-9A1E7A4F7556}") = "Tedu_Ecommance.Admin.Application.Contracts", "src\Tedu_Ecommance.Admin.Application.Contracts\Tedu_Ecommance.Admin.Application.Contracts.csproj", "{36406599-0E45-4ADC-9FA3-B3F5A526189E}"
EndProject
Project("{9A19103F-16F7-4668-BE54-9A1E7A4F7556}") = "Tedu_Ecommance.Admin.HttpApi", "src\Tedu_Ecommance.Admin.HttpApi\Tedu_Ecommance.Admin.HttpApi.csproj", "{D39FE5DB-E0A4-44B9-8758-D7ED80A5AF04}"
EndProject
Project("{9A19103F-16F7-4668-BE54-9A1E7A4F7556}") = "Tedu_Ecommance.Admin.HttpApi.Client", "src\Tedu_Ecommance.Admin.HttpApi.Client\Tedu_Ecommance.Admin.HttpApi.Client.csproj", "{5EC31698-4850-4DA2-A582-C2C07500B754}"
EndProject
Project("{9A19103F-16F7-4668-BE54-9A1E7A4F7556}") = "Tedu_Ecommance.Admin.HttpApi.Host", "src\Tedu_Ecommance.Admin.HttpApi.Host\Tedu_Ecommance.Admin.HttpApi.Host.csproj", "{6BCCA9A5-9AEA-4BE0-8208-38C3C476B262}"
EndProject
Project("{2150E333-8FDC-42A3-9474-1A3956D46DE8}") = "public", "public", "{57318B28-127D-48C8-BDF1-517071C5955F}"
EndProject
Project("{2150E333-8FDC-42A3-9474-1A3956D46DE8}") = "admin", "admin", "{568D1A7C-CD00-4A5D-A451-A88DFEB7868E}"
EndProject
Project("{9A19103F-16F7-4668-BE54-9A1E7A4F7556}") = "Tedu_Ecommance.Admin.Application.Tests", "test\Tedu_Ecommance.Admin.Application.Tests\Tedu_Ecommance.Admin.Application.Tests.csproj", "{70396B78-6DB7-46A6-8E51-4531039F6EC3}"
EndProject
Project("{9A19103F-16F7-4668-BE54-9A1E7A4F7556}") = "Tedu_Ecommance.Admin.HttpApi.Client.ConsoleTestApp", "test\Tedu_Ecommance.Admin.HttpApi.Client.ConsoleTestApp\Tedu_Ecommance.Admin.HttpApi.Client.ConsoleTestApp.csproj", "{8D9CA4D0-70B2-4373-A9B3-CA2B24C9562D}"
EndProject
Project("{2150E333-8FDC-42A3-9474-1A3956D46DE8}") = "shared", "shared", "{A962A09F-C1E2-4629-A0E2-DD7C3F672587}"
EndProject
Project("{9A19103F-16F7-4668-BE54-9A1E7A4F7556}") = "Tedu_Ecommance.Public.HttpApi.Client.ConsoleTestApp", "test\Tedu_Ecommance.Public.HttpApi.Client.ConsoleTestApp\Tedu_Ecommance.Public.HttpApi.Client.ConsoleTestApp.csproj", "{7050ADA7-CA07-4302-8007-AD81E6DBF855}"
EndProject
Project("{9A19103F-16F7-4668-BE54-9A1E7A4F7556}") = "Tedu_Ecommance.Public.Application.Tests", "test\Tedu_Ecommance.Public.Application.Tests\Tedu_Ecommance.Public.Application.Tests.csproj", "{D84FFFB3-4801-4E5E-94E4-CC69FBD8A984}"
EndProject
Project("{2150E333-8FDC-42A3-9474-1A3956D46DE8}") = "public", "public", "{14BC367C-82D9-4DD0-A2A8-80D1636BE3B8}"
EndProject
Project("{9A19103F-16F7-4668-BE54-9A1E7A4F7556}") = "Tedu_Ecommance.Public.Application", "src\Tedu_Ecommance.Public.Application\Tedu_Ecommance.Public.Application.csproj", "{8EDC9872-8DAC-497C-9C5E-41A05AB7B43B}"
EndProject
Project("{9A19103F-16F7-4668-BE54-9A1E7A4F7556}") = "Tedu_Ecommance.Public.Application.Contracts", "src\Tedu_Ecommance.Public.Application.Contracts\Tedu_Ecommance.Public.Application.Contracts.csproj", "{987F5B3A-12DF-42E3-BA3D-4C1CDC303E85}"
EndProject
Project("{9A19103F-16F7-4668-BE54-9A1E7A4F7556}") = "Tedu_Ecommance.Public.HttpApi", "src\Tedu_Ecommance.Public.HttpApi\Tedu_Ecommance.Public.HttpApi.csproj", "{4552C56E-D50C-4C24-9985-D702188072EF}"
EndProject
Project("{9A19103F-16F7-4668-BE54-9A1E7A4F7556}") = "Tedu_Ecommance.Public.HttpApi.Client", "src\Tedu_Ecommance.Public.HttpApi.Client\Tedu_Ecommance.Public.HttpApi.Client.csproj", "{FA97D86C-80C7-4706-8953-17DE05F7B8DB}"
EndProject
Project("{9A19103F-16F7-4668-BE54-9A1E7A4F7556}") = "Tedu_Ecommance.Public.Web", "src\Tedu_Ecommance.Public.Web\Tedu_Ecommance.Public.Web.csproj", "{A06370CB-E9C2-4E31-AFE6-A2CE3E8D57A9}"
EndProject
Project("{9A19103F-16F7-4668-BE54-9A1E7A4F7556}") = "Tedu_Ecommance.Domain.Tests", "test\Tedu_Ecommance.Domain.Tests\Tedu_Ecommance.Domain.Tests.csproj", "{948424A9-75AC-40F0-9BCD-8D5D2A9DFBEB}"
EndProject
Global
	GlobalSection(SolutionConfigurationPlatforms) = preSolution
		Debug|Any CPU = Debug|Any CPU
		Release|Any CPU = Release|Any CPU
	EndGlobalSection
	GlobalSection(ProjectConfigurationPlatforms) = postSolution
		{554AD327-6DBA-4F8F-96F8-81CE7A0C863F}.Debug|Any CPU.ActiveCfg = Debug|Any CPU
		{554AD327-6DBA-4F8F-96F8-81CE7A0C863F}.Debug|Any CPU.Build.0 = Debug|Any CPU
		{554AD327-6DBA-4F8F-96F8-81CE7A0C863F}.Release|Any CPU.ActiveCfg = Release|Any CPU
		{554AD327-6DBA-4F8F-96F8-81CE7A0C863F}.Release|Any CPU.Build.0 = Release|Any CPU
		{C956DD76-69C8-4A9C-83EA-D17DF83340FD}.Debug|Any CPU.ActiveCfg = Debug|Any CPU
		{C956DD76-69C8-4A9C-83EA-D17DF83340FD}.Debug|Any CPU.Build.0 = Debug|Any CPU
		{C956DD76-69C8-4A9C-83EA-D17DF83340FD}.Release|Any CPU.ActiveCfg = Release|Any CPU
		{C956DD76-69C8-4A9C-83EA-D17DF83340FD}.Release|Any CPU.Build.0 = Release|Any CPU
		{42F719ED-8413-4895-B5B4-5AB56079BC66}.Debug|Any CPU.ActiveCfg = Debug|Any CPU
		{42F719ED-8413-4895-B5B4-5AB56079BC66}.Debug|Any CPU.Build.0 = Debug|Any CPU
		{42F719ED-8413-4895-B5B4-5AB56079BC66}.Release|Any CPU.ActiveCfg = Release|Any CPU
		{42F719ED-8413-4895-B5B4-5AB56079BC66}.Release|Any CPU.Build.0 = Release|Any CPU
		{073C361E-B8F4-49F5-93CC-72A3FF49C026}.Debug|Any CPU.ActiveCfg = Debug|Any CPU
		{073C361E-B8F4-49F5-93CC-72A3FF49C026}.Debug|Any CPU.Build.0 = Debug|Any CPU
		{073C361E-B8F4-49F5-93CC-72A3FF49C026}.Release|Any CPU.ActiveCfg = Release|Any CPU
		{073C361E-B8F4-49F5-93CC-72A3FF49C026}.Release|Any CPU.Build.0 = Release|Any CPU
		{1FE30EB9-74A9-47F5-A9F6-7B1FAB672D81}.Debug|Any CPU.ActiveCfg = Debug|Any CPU
		{1FE30EB9-74A9-47F5-A9F6-7B1FAB672D81}.Debug|Any CPU.Build.0 = Debug|Any CPU
		{1FE30EB9-74A9-47F5-A9F6-7B1FAB672D81}.Release|Any CPU.ActiveCfg = Release|Any CPU
		{1FE30EB9-74A9-47F5-A9F6-7B1FAB672D81}.Release|Any CPU.Build.0 = Release|Any CPU
		{91853F21-9CD9-4132-BC29-A7D5D84FFFE7}.Debug|Any CPU.ActiveCfg = Debug|Any CPU
		{91853F21-9CD9-4132-BC29-A7D5D84FFFE7}.Debug|Any CPU.Build.0 = Debug|Any CPU
		{91853F21-9CD9-4132-BC29-A7D5D84FFFE7}.Release|Any CPU.ActiveCfg = Release|Any CPU
		{91853F21-9CD9-4132-BC29-A7D5D84FFFE7}.Release|Any CPU.Build.0 = Release|Any CPU
		{AA94D832-1CCC-4715-95A9-A483F23A1A5D}.Debug|Any CPU.ActiveCfg = Debug|Any CPU
		{AA94D832-1CCC-4715-95A9-A483F23A1A5D}.Debug|Any CPU.Build.0 = Debug|Any CPU
		{AA94D832-1CCC-4715-95A9-A483F23A1A5D}.Release|Any CPU.ActiveCfg = Release|Any CPU
		{AA94D832-1CCC-4715-95A9-A483F23A1A5D}.Release|Any CPU.Build.0 = Release|Any CPU
		{B38A600B-A9F8-4D1F-A109-3BF6ACD04A16}.Debug|Any CPU.ActiveCfg = Debug|Any CPU
		{B38A600B-A9F8-4D1F-A109-3BF6ACD04A16}.Debug|Any CPU.Build.0 = Debug|Any CPU
		{B38A600B-A9F8-4D1F-A109-3BF6ACD04A16}.Release|Any CPU.ActiveCfg = Release|Any CPU
		{B38A600B-A9F8-4D1F-A109-3BF6ACD04A16}.Release|Any CPU.Build.0 = Release|Any CPU
		{36406599-0E45-4ADC-9FA3-B3F5A526189E}.Debug|Any CPU.ActiveCfg = Debug|Any CPU
		{36406599-0E45-4ADC-9FA3-B3F5A526189E}.Debug|Any CPU.Build.0 = Debug|Any CPU
		{36406599-0E45-4ADC-9FA3-B3F5A526189E}.Release|Any CPU.ActiveCfg = Release|Any CPU
		{36406599-0E45-4ADC-9FA3-B3F5A526189E}.Release|Any CPU.Build.0 = Release|Any CPU
		{D39FE5DB-E0A4-44B9-8758-D7ED80A5AF04}.Debug|Any CPU.ActiveCfg = Debug|Any CPU
		{D39FE5DB-E0A4-44B9-8758-D7ED80A5AF04}.Debug|Any CPU.Build.0 = Debug|Any CPU
		{D39FE5DB-E0A4-44B9-8758-D7ED80A5AF04}.Release|Any CPU.ActiveCfg = Release|Any CPU
		{D39FE5DB-E0A4-44B9-8758-D7ED80A5AF04}.Release|Any CPU.Build.0 = Release|Any CPU
		{5EC31698-4850-4DA2-A582-C2C07500B754}.Debug|Any CPU.ActiveCfg = Debug|Any CPU
		{5EC31698-4850-4DA2-A582-C2C07500B754}.Debug|Any CPU.Build.0 = Debug|Any CPU
		{5EC31698-4850-4DA2-A582-C2C07500B754}.Release|Any CPU.ActiveCfg = Release|Any CPU
		{5EC31698-4850-4DA2-A582-C2C07500B754}.Release|Any CPU.Build.0 = Release|Any CPU
		{6BCCA9A5-9AEA-4BE0-8208-38C3C476B262}.Debug|Any CPU.ActiveCfg = Debug|Any CPU
		{6BCCA9A5-9AEA-4BE0-8208-38C3C476B262}.Debug|Any CPU.Build.0 = Debug|Any CPU
		{6BCCA9A5-9AEA-4BE0-8208-38C3C476B262}.Release|Any CPU.ActiveCfg = Release|Any CPU
		{6BCCA9A5-9AEA-4BE0-8208-38C3C476B262}.Release|Any CPU.Build.0 = Release|Any CPU
		{70396B78-6DB7-46A6-8E51-4531039F6EC3}.Debug|Any CPU.ActiveCfg = Debug|Any CPU
		{70396B78-6DB7-46A6-8E51-4531039F6EC3}.Debug|Any CPU.Build.0 = Debug|Any CPU
		{70396B78-6DB7-46A6-8E51-4531039F6EC3}.Release|Any CPU.ActiveCfg = Release|Any CPU
		{70396B78-6DB7-46A6-8E51-4531039F6EC3}.Release|Any CPU.Build.0 = Release|Any CPU
		{8D9CA4D0-70B2-4373-A9B3-CA2B24C9562D}.Debug|Any CPU.ActiveCfg = Debug|Any CPU
		{8D9CA4D0-70B2-4373-A9B3-CA2B24C9562D}.Debug|Any CPU.Build.0 = Debug|Any CPU
		{8D9CA4D0-70B2-4373-A9B3-CA2B24C9562D}.Release|Any CPU.ActiveCfg = Release|Any CPU
		{8D9CA4D0-70B2-4373-A9B3-CA2B24C9562D}.Release|Any CPU.Build.0 = Release|Any CPU
		{7050ADA7-CA07-4302-8007-AD81E6DBF855}.Debug|Any CPU.ActiveCfg = Debug|Any CPU
		{7050ADA7-CA07-4302-8007-AD81E6DBF855}.Debug|Any CPU.Build.0 = Debug|Any CPU
		{7050ADA7-CA07-4302-8007-AD81E6DBF855}.Release|Any CPU.ActiveCfg = Release|Any CPU
		{7050ADA7-CA07-4302-8007-AD81E6DBF855}.Release|Any CPU.Build.0 = Release|Any CPU
		{D84FFFB3-4801-4E5E-94E4-CC69FBD8A984}.Debug|Any CPU.ActiveCfg = Debug|Any CPU
		{D84FFFB3-4801-4E5E-94E4-CC69FBD8A984}.Debug|Any CPU.Build.0 = Debug|Any CPU
		{D84FFFB3-4801-4E5E-94E4-CC69FBD8A984}.Release|Any CPU.ActiveCfg = Release|Any CPU
		{D84FFFB3-4801-4E5E-94E4-CC69FBD8A984}.Release|Any CPU.Build.0 = Release|Any CPU
		{8EDC9872-8DAC-497C-9C5E-41A05AB7B43B}.Debug|Any CPU.ActiveCfg = Debug|Any CPU
		{8EDC9872-8DAC-497C-9C5E-41A05AB7B43B}.Debug|Any CPU.Build.0 = Debug|Any CPU
		{8EDC9872-8DAC-497C-9C5E-41A05AB7B43B}.Release|Any CPU.ActiveCfg = Release|Any CPU
		{8EDC9872-8DAC-497C-9C5E-41A05AB7B43B}.Release|Any CPU.Build.0 = Release|Any CPU
		{987F5B3A-12DF-42E3-BA3D-4C1CDC303E85}.Debug|Any CPU.ActiveCfg = Debug|Any CPU
		{987F5B3A-12DF-42E3-BA3D-4C1CDC303E85}.Debug|Any CPU.Build.0 = Debug|Any CPU
		{987F5B3A-12DF-42E3-BA3D-4C1CDC303E85}.Release|Any CPU.ActiveCfg = Release|Any CPU
		{987F5B3A-12DF-42E3-BA3D-4C1CDC303E85}.Release|Any CPU.Build.0 = Release|Any CPU
		{4552C56E-D50C-4C24-9985-D702188072EF}.Debug|Any CPU.ActiveCfg = Debug|Any CPU
		{4552C56E-D50C-4C24-9985-D702188072EF}.Debug|Any CPU.Build.0 = Debug|Any CPU
		{4552C56E-D50C-4C24-9985-D702188072EF}.Release|Any CPU.ActiveCfg = Release|Any CPU
		{4552C56E-D50C-4C24-9985-D702188072EF}.Release|Any CPU.Build.0 = Release|Any CPU
		{FA97D86C-80C7-4706-8953-17DE05F7B8DB}.Debug|Any CPU.ActiveCfg = Debug|Any CPU
		{FA97D86C-80C7-4706-8953-17DE05F7B8DB}.Debug|Any CPU.Build.0 = Debug|Any CPU
		{FA97D86C-80C7-4706-8953-17DE05F7B8DB}.Release|Any CPU.ActiveCfg = Release|Any CPU
		{FA97D86C-80C7-4706-8953-17DE05F7B8DB}.Release|Any CPU.Build.0 = Release|Any CPU
		{A06370CB-E9C2-4E31-AFE6-A2CE3E8D57A9}.Debug|Any CPU.ActiveCfg = Debug|Any CPU
		{A06370CB-E9C2-4E31-AFE6-A2CE3E8D57A9}.Debug|Any CPU.Build.0 = Debug|Any CPU
		{A06370CB-E9C2-4E31-AFE6-A2CE3E8D57A9}.Release|Any CPU.ActiveCfg = Release|Any CPU
		{A06370CB-E9C2-4E31-AFE6-A2CE3E8D57A9}.Release|Any CPU.Build.0 = Release|Any CPU
		{948424A9-75AC-40F0-9BCD-8D5D2A9DFBEB}.Debug|Any CPU.ActiveCfg = Debug|Any CPU
		{948424A9-75AC-40F0-9BCD-8D5D2A9DFBEB}.Debug|Any CPU.Build.0 = Debug|Any CPU
		{948424A9-75AC-40F0-9BCD-8D5D2A9DFBEB}.Release|Any CPU.ActiveCfg = Release|Any CPU
		{948424A9-75AC-40F0-9BCD-8D5D2A9DFBEB}.Release|Any CPU.Build.0 = Release|Any CPU
	EndGlobalSection
	GlobalSection(SolutionProperties) = preSolution
		HideSolutionNode = FALSE
	EndGlobalSection
	GlobalSection(NestedProjects) = preSolution
		{554AD327-6DBA-4F8F-96F8-81CE7A0C863F} = {1280F890-9556-4D0F-A527-70BB86B2C59A}
		{C956DD76-69C8-4A9C-83EA-D17DF83340FD} = {CE5D6B7B-D12E-48CF-8B6D-7F883DA189C8}
		{42F719ED-8413-4895-B5B4-5AB56079BC66} = {1280F890-9556-4D0F-A527-70BB86B2C59A}
		{073C361E-B8F4-49F5-93CC-72A3FF49C026} = {7E89ECC0-7A2C-440C-A075-48E56FA7BA82}
		{1FE30EB9-74A9-47F5-A9F6-7B1FAB672D81} = {A962A09F-C1E2-4629-A0E2-DD7C3F672587}
		{91853F21-9CD9-4132-BC29-A7D5D84FFFE7} = {A962A09F-C1E2-4629-A0E2-DD7C3F672587}
		{AA94D832-1CCC-4715-95A9-A483F23A1A5D} = {CE5D6B7B-D12E-48CF-8B6D-7F883DA189C8}
		{7E89ECC0-7A2C-440C-A075-48E56FA7BA82} = {CA9AC87F-097E-4F15-8393-4BC07735A5B0}
		{28083C69-33F3-41E2-9DCD-306CB2EACE8D} = {CA9AC87F-097E-4F15-8393-4BC07735A5B0}
		{1280F890-9556-4D0F-A527-70BB86B2C59A} = {28083C69-33F3-41E2-9DCD-306CB2EACE8D}
		{CE5D6B7B-D12E-48CF-8B6D-7F883DA189C8} = {28083C69-33F3-41E2-9DCD-306CB2EACE8D}
		{2DF6DC36-1E0E-45CE-9273-A1093CF26144} = {CA9AC87F-097E-4F15-8393-4BC07735A5B0}
		{B38A600B-A9F8-4D1F-A109-3BF6ACD04A16} = {2DF6DC36-1E0E-45CE-9273-A1093CF26144}
		{36406599-0E45-4ADC-9FA3-B3F5A526189E} = {2DF6DC36-1E0E-45CE-9273-A1093CF26144}
		{D39FE5DB-E0A4-44B9-8758-D7ED80A5AF04} = {2DF6DC36-1E0E-45CE-9273-A1093CF26144}
		{5EC31698-4850-4DA2-A582-C2C07500B754} = {2DF6DC36-1E0E-45CE-9273-A1093CF26144}
		{6BCCA9A5-9AEA-4BE0-8208-38C3C476B262} = {2DF6DC36-1E0E-45CE-9273-A1093CF26144}
		{57318B28-127D-48C8-BDF1-517071C5955F} = {04DBDB01-70F4-4E06-B468-8F87850B22BE}
		{568D1A7C-CD00-4A5D-A451-A88DFEB7868E} = {04DBDB01-70F4-4E06-B468-8F87850B22BE}
		{70396B78-6DB7-46A6-8E51-4531039F6EC3} = {568D1A7C-CD00-4A5D-A451-A88DFEB7868E}
		{8D9CA4D0-70B2-4373-A9B3-CA2B24C9562D} = {568D1A7C-CD00-4A5D-A451-A88DFEB7868E}
		{A962A09F-C1E2-4629-A0E2-DD7C3F672587} = {04DBDB01-70F4-4E06-B468-8F87850B22BE}
		{7050ADA7-CA07-4302-8007-AD81E6DBF855} = {57318B28-127D-48C8-BDF1-517071C5955F}
		{D84FFFB3-4801-4E5E-94E4-CC69FBD8A984} = {57318B28-127D-48C8-BDF1-517071C5955F}
		{14BC367C-82D9-4DD0-A2A8-80D1636BE3B8} = {CA9AC87F-097E-4F15-8393-4BC07735A5B0}
		{8EDC9872-8DAC-497C-9C5E-41A05AB7B43B} = {14BC367C-82D9-4DD0-A2A8-80D1636BE3B8}
		{987F5B3A-12DF-42E3-BA3D-4C1CDC303E85} = {14BC367C-82D9-4DD0-A2A8-80D1636BE3B8}
		{4552C56E-D50C-4C24-9985-D702188072EF} = {14BC367C-82D9-4DD0-A2A8-80D1636BE3B8}
		{FA97D86C-80C7-4706-8953-17DE05F7B8DB} = {14BC367C-82D9-4DD0-A2A8-80D1636BE3B8}
		{A06370CB-E9C2-4E31-AFE6-A2CE3E8D57A9} = {14BC367C-82D9-4DD0-A2A8-80D1636BE3B8}
		{948424A9-75AC-40F0-9BCD-8D5D2A9DFBEB} = {A962A09F-C1E2-4629-A0E2-DD7C3F672587}
	EndGlobalSection
	GlobalSection(ExtensibilityGlobals) = postSolution
		SolutionGuid = {28315BFD-90E7-4E14-A2EA-F3D23AF4126F}
	EndGlobalSection
EndGlobal
